
Microsoft Visual Studio Solution File, Format Version 12.00
# Visual Studio Version 16
VisualStudioVersion = 16.0.29519.87
MinimumVisualStudioVersion = 10.0.40219.1
Project("{FAE04EC0-301F-11D3-BF4B-00C04F79EFBC}") = "CR2ToJPG", "CR2ToJPG\CR2ToJPG.csproj", "{62B279CB-DB82-4A62-B0DE-34BA5F8D5CF1}"
EndProject
Project("{FAE04EC0-301F-11D3-BF4B-00C04F79EFBC}") = "structure", "structure\structure.csproj", "{86103EE4-BE54-4D4E-A823-5BAB96A2F457}"
EndProject
Project("{FAE04EC0-301F-11D3-BF4B-00C04F79EFBC}") = "renderer", "renderer\renderer.csproj", "{D05F8B10-EE6D-4A74-99B6-67D2DD94E321}"
EndProject
Global
	GlobalSection(SolutionConfigurationPlatforms) = preSolution
		Debug|Any CPU = Debug|Any CPU
		Release|Any CPU = Release|Any CPU
	EndGlobalSection
	GlobalSection(ProjectConfigurationPlatforms) = postSolution
		{62B279CB-DB82-4A62-B0DE-34BA5F8D5CF1}.Debug|Any CPU.ActiveCfg = Debug|Any CPU
		{62B279CB-DB82-4A62-B0DE-34BA5F8D5CF1}.Debug|Any CPU.Build.0 = Debug|Any CPU
		{62B279CB-DB82-4A62-B0DE-34BA5F8D5CF1}.Release|Any CPU.ActiveCfg = Release|Any CPU
		{62B279CB-DB82-4A62-B0DE-34BA5F8D5CF1}.Release|Any CPU.Build.0 = Release|Any CPU
		{86103EE4-BE54-4D4E-A823-5BAB96A2F457}.Debug|Any CPU.ActiveCfg = Debug|Any CPU
		{86103EE4-BE54-4D4E-A823-5BAB96A2F457}.Debug|Any CPU.Build.0 = Debug|Any CPU
		{86103EE4-BE54-4D4E-A823-5BAB96A2F457}.Release|Any CPU.ActiveCfg = Release|Any CPU
		{86103EE4-BE54-4D4E-A823-5BAB96A2F457}.Release|Any CPU.Build.0 = Release|Any CPU
		{D05F8B10-EE6D-4A74-99B6-67D2DD94E321}.Debug|Any CPU.ActiveCfg = Debug|Any CPU
		{D05F8B10-EE6D-4A74-99B6-67D2DD94E321}.Debug|Any CPU.Build.0 = Debug|Any CPU
		{D05F8B10-EE6D-4A74-99B6-67D2DD94E321}.Release|Any CPU.ActiveCfg = Release|Any CPU
		{D05F8B10-EE6D-4A74-99B6-67D2DD94E321}.Release|Any CPU.Build.0 = Release|Any CPU
	EndGlobalSection
	GlobalSection(SolutionProperties) = preSolution
		HideSolutionNode = FALSE
	EndGlobalSection
	GlobalSection(ExtensibilityGlobals) = postSolution
		SolutionGuid = {8AC4BABC-AB86-4EFE-ABAD-CBDD85CBA897}
	EndGlobalSection
EndGlobal
